// !$*UTF8*$!
{
	archiveVersion = 1;
	classes = {
	};
	objectVersion = 56;
	objects = {

/* Begin PBXBuildFile section */
		6E6BBE332B767C88006CE2CA /* SpenseSplitApp.swift in Sources */ = {isa = PBXBuildFile; fileRef = 6E6BBE322B767C88006CE2CA /* SpenseSplitApp.swift */; };
		6E6BBE392B767C8A006CE2CA /* Assets.xcassets in Resources */ = {isa = PBXBuildFile; fileRef = 6E6BBE382B767C8A006CE2CA /* Assets.xcassets */; };
		6E6BBE3C2B767C8A006CE2CA /* Preview Assets.xcassets in Resources */ = {isa = PBXBuildFile; fileRef = 6E6BBE3B2B767C8A006CE2CA /* Preview Assets.xcassets */; };
		6E6BBE452B767EEE006CE2CA /* AppDelegate.swift in Sources */ = {isa = PBXBuildFile; fileRef = 6E6BBE442B767EEE006CE2CA /* AppDelegate.swift */; };
		6E6BBE472B767F31006CE2CA /* CoreDataStack.swift in Sources */ = {isa = PBXBuildFile; fileRef = 6E6BBE462B767F31006CE2CA /* CoreDataStack.swift */; };
		6E6BBE492B7680A3006CE2CA /* ShareController.swift in Sources */ = {isa = PBXBuildFile; fileRef = 6E6BBE482B7680A3006CE2CA /* ShareController.swift */; };
		6E6BBE4C2B7682AB006CE2CA /* SpenseSplit.xcdatamodeld in Sources */ = {isa = PBXBuildFile; fileRef = 6E6BBE4A2B7682AB006CE2CA /* SpenseSplit.xcdatamodeld */; };
		6E6BBE502B768CD8006CE2CA /* Party+CoreDataClass.swift in Sources */ = {isa = PBXBuildFile; fileRef = 6E6BBE4F2B768CD8006CE2CA /* Party+CoreDataClass.swift */; };
		6E6BBE522B768CF2006CE2CA /* Party+CoreDataProperties.swift in Sources */ = {isa = PBXBuildFile; fileRef = 6E6BBE512B768CF2006CE2CA /* Party+CoreDataProperties.swift */; };
		6E6BBE542B768D16006CE2CA /* Participant+CoreDataClass.swift in Sources */ = {isa = PBXBuildFile; fileRef = 6E6BBE532B768D16006CE2CA /* Participant+CoreDataClass.swift */; };
		6E6BBE562B768D2B006CE2CA /* Participant+CoreDataProperties.swift in Sources */ = {isa = PBXBuildFile; fileRef = 6E6BBE552B768D2B006CE2CA /* Participant+CoreDataProperties.swift */; };
		6E6BBE582B768D41006CE2CA /* Expense+CoreDataClass.swift in Sources */ = {isa = PBXBuildFile; fileRef = 6E6BBE572B768D41006CE2CA /* Expense+CoreDataClass.swift */; };
		6E6BBE5A2B768D54006CE2CA /* Expense+CoreDataProperties.swift in Sources */ = {isa = PBXBuildFile; fileRef = 6E6BBE592B768D54006CE2CA /* Expense+CoreDataProperties.swift */; };
		6E6BBE5C2B768D6B006CE2CA /* Payer+CoreDataClass.swift in Sources */ = {isa = PBXBuildFile; fileRef = 6E6BBE5B2B768D6B006CE2CA /* Payer+CoreDataClass.swift */; };
		6E6BBE5E2B768D7E006CE2CA /* Payer+CoreDataProperties.swift in Sources */ = {isa = PBXBuildFile; fileRef = 6E6BBE5D2B768D7E006CE2CA /* Payer+CoreDataProperties.swift */; };
		6E6BBE602B768D91006CE2CA /* Enjoyer+CoreDataClass.swift in Sources */ = {isa = PBXBuildFile; fileRef = 6E6BBE5F2B768D91006CE2CA /* Enjoyer+CoreDataClass.swift */; };
		6E6BBE622B768DA2006CE2CA /* Enjoyer+CoreDataProperties.swift in Sources */ = {isa = PBXBuildFile; fileRef = 6E6BBE612B768DA2006CE2CA /* Enjoyer+CoreDataProperties.swift */; };
		6E6BBE652B769817006CE2CA /* PartiesView.swift in Sources */ = {isa = PBXBuildFile; fileRef = 6E6BBE642B769817006CE2CA /* PartiesView.swift */; };
		6E6BBE672B76A901006CE2CA /* PartyDetailView.swift in Sources */ = {isa = PBXBuildFile; fileRef = 6E6BBE662B76A901006CE2CA /* PartyDetailView.swift */; };
		6E6BBE692B76A911006CE2CA /* PartyView.swift in Sources */ = {isa = PBXBuildFile; fileRef = 6E6BBE682B76A911006CE2CA /* PartyView.swift */; };
		6E6BBE6B2B76A926006CE2CA /* PartyNewView.swift in Sources */ = {isa = PBXBuildFile; fileRef = 6E6BBE6A2B76A926006CE2CA /* PartyNewView.swift */; };
		6E6BBE732B78CA3F006CE2CA /* Theme.swift in Sources */ = {isa = PBXBuildFile; fileRef = 6E6BBE722B78CA3F006CE2CA /* Theme.swift */; };
		6E6BBE752B78CA44006CE2CA /* ThemePicker.swift in Sources */ = {isa = PBXBuildFile; fileRef = 6E6BBE742B78CA44006CE2CA /* ThemePicker.swift */; };
		6E6BBE772B78DCE5006CE2CA /* Payment+CoreDataClass.swift in Sources */ = {isa = PBXBuildFile; fileRef = 6E6BBE762B78DCE5006CE2CA /* Payment+CoreDataClass.swift */; };
		6E6BBE792B78DCFB006CE2CA /* Payment+CoreDataProperties.swift in Sources */ = {isa = PBXBuildFile; fileRef = 6E6BBE782B78DCFB006CE2CA /* Payment+CoreDataProperties.swift */; };
		6E6BBE7D2B78E061006CE2CA /* ExpenseDetailView.swift in Sources */ = {isa = PBXBuildFile; fileRef = 6E6BBE7C2B78E061006CE2CA /* ExpenseDetailView.swift */; };
		6E6BBE7F2B78E070006CE2CA /* PaymentDetailView.swift in Sources */ = {isa = PBXBuildFile; fileRef = 6E6BBE7E2B78E070006CE2CA /* PaymentDetailView.swift */; };
		6E6BBE812B793FD7006CE2CA /* ExpenseNewView.swift in Sources */ = {isa = PBXBuildFile; fileRef = 6E6BBE802B793FD7006CE2CA /* ExpenseNewView.swift */; };
		6E6BBE832B793FE4006CE2CA /* PaymentNewView.swift in Sources */ = {isa = PBXBuildFile; fileRef = 6E6BBE822B793FE4006CE2CA /* PaymentNewView.swift */; };
		6E7B02EE2BB014CB003761D9 /* SummaryView.swift in Sources */ = {isa = PBXBuildFile; fileRef = 6E7B02ED2BB014CB003761D9 /* SummaryView.swift */; };
		6E7B02F02BB014E9003761D9 /* MailView.swift in Sources */ = {isa = PBXBuildFile; fileRef = 6E7B02EF2BB014E9003761D9 /* MailView.swift */; };
		6E7B02F42BB6C934003761D9 /* ExpenseChanges+CoreDataClass.swift in Sources */ = {isa = PBXBuildFile; fileRef = 6E7B02F32BB6C934003761D9 /* ExpenseChanges+CoreDataClass.swift */; };
		6E7B02F62BB6C955003761D9 /* ExpenseChanges+CoreDataProperties.swift in Sources */ = {isa = PBXBuildFile; fileRef = 6E7B02F52BB6C955003761D9 /* ExpenseChanges+CoreDataProperties.swift */; };
		6E7B02F82BB7FD85003761D9 /* PaymentChanges+CoreDataClass.swift in Sources */ = {isa = PBXBuildFile; fileRef = 6E7B02F72BB7FD85003761D9 /* PaymentChanges+CoreDataClass.swift */; };
		6E7B02FA2BB7FDA1003761D9 /* PaymentChanges+CoreDataProperties.swift in Sources */ = {isa = PBXBuildFile; fileRef = 6E7B02F92BB7FDA1003761D9 /* PaymentChanges+CoreDataProperties.swift */; };
		6E7B02FC2BB87C42003761D9 /* HistoryView.swift in Sources */ = {isa = PBXBuildFile; fileRef = 6E7B02FB2BB87C42003761D9 /* HistoryView.swift */; };
		6E7B02FE2BB892A3003761D9 /* ExpenseLog+CoreDataClass.swift in Sources */ = {isa = PBXBuildFile; fileRef = 6E7B02FD2BB892A3003761D9 /* ExpenseLog+CoreDataClass.swift */; };
		6E7B03002BB892BC003761D9 /* ExpenseLog+CoreDataProperties.swift in Sources */ = {isa = PBXBuildFile; fileRef = 6E7B02FF2BB892BC003761D9 /* ExpenseLog+CoreDataProperties.swift */; };
		6E7B03022BB892D1003761D9 /* PaymentLog+CoreDataClass.swift in Sources */ = {isa = PBXBuildFile; fileRef = 6E7B03012BB892D1003761D9 /* PaymentLog+CoreDataClass.swift */; };
		6E7B03042BB892E3003761D9 /* PaymentLog+CoreDataProperties.swift in Sources */ = {isa = PBXBuildFile; fileRef = 6E7B03032BB892E3003761D9 /* PaymentLog+CoreDataProperties.swift */; };
		6E7B03062BB9A6C2003761D9 /* PayerLog+CoreDataClass.swift in Sources */ = {isa = PBXBuildFile; fileRef = 6E7B03052BB9A6C2003761D9 /* PayerLog+CoreDataClass.swift */; };
		6E7B03082BB9A6DA003761D9 /* PayerLog+CoreDataProperties.swift in Sources */ = {isa = PBXBuildFile; fileRef = 6E7B03072BB9A6DA003761D9 /* PayerLog+CoreDataProperties.swift */; };
		6E7B030A2BB9A6F2003761D9 /* EnjoyerLog+CoreDataClass.swift in Sources */ = {isa = PBXBuildFile; fileRef = 6E7B03092BB9A6F2003761D9 /* EnjoyerLog+CoreDataClass.swift */; };
		6E7B030C2BB9A705003761D9 /* EnjoyerLog+CoreDataProperties.swift in Sources */ = {isa = PBXBuildFile; fileRef = 6E7B030B2BB9A705003761D9 /* EnjoyerLog+CoreDataProperties.swift */; };
		6E7B030E2BB9D248003761D9 /* ExpenseDisplayView.swift in Sources */ = {isa = PBXBuildFile; fileRef = 6E7B030D2BB9D248003761D9 /* ExpenseDisplayView.swift */; };
		6E7B03102BBA99B3003761D9 /* PaymentDispalyView.swift in Sources */ = {isa = PBXBuildFile; fileRef = 6E7B030F2BBA99B3003761D9 /* PaymentDispalyView.swift */; };
		6E800E5F2B7A7CE00042B5B7 /* PayersNewView.swift in Sources */ = {isa = PBXBuildFile; fileRef = 6E800E5E2B7A7CE00042B5B7 /* PayersNewView.swift */; };
		6E800E612B7A7CF20042B5B7 /* EnjoyersNewView.swift in Sources */ = {isa = PBXBuildFile; fileRef = 6E800E602B7A7CF20042B5B7 /* EnjoyersNewView.swift */; };
		6E800E632B7AB99B0042B5B7 /* SendersNewView.swift in Sources */ = {isa = PBXBuildFile; fileRef = 6E800E622B7AB99B0042B5B7 /* SendersNewView.swift */; };
		6E800E652B7AB9AE0042B5B7 /* ReceiversNewView.swift in Sources */ = {isa = PBXBuildFile; fileRef = 6E800E642B7AB9AE0042B5B7 /* ReceiversNewView.swift */; };
		6E800E672B7AC1C80042B5B7 /* PayersDetailView.swift in Sources */ = {isa = PBXBuildFile; fileRef = 6E800E662B7AC1C80042B5B7 /* PayersDetailView.swift */; };
		6E800E692B7AC1D60042B5B7 /* EnjoyersDetailView.swift in Sources */ = {isa = PBXBuildFile; fileRef = 6E800E682B7AC1D60042B5B7 /* EnjoyersDetailView.swift */; };
		6E800E6B2B7B1F600042B5B7 /* SendersDetailView.swift in Sources */ = {isa = PBXBuildFile; fileRef = 6E800E6A2B7B1F600042B5B7 /* SendersDetailView.swift */; };
		6E800E6D2B7B1F700042B5B7 /* ReceiversDetailView.swift in Sources */ = {isa = PBXBuildFile; fileRef = 6E800E6C2B7B1F700042B5B7 /* ReceiversDetailView.swift */; };
/* End PBXBuildFile section */

/* Begin PBXFileReference section */
		6E6BBE2F2B767C88006CE2CA /* SpenseSplit.app */ = {isa = PBXFileReference; explicitFileType = wrapper.application; includeInIndex = 0; path = SpenseSplit.app; sourceTree = BUILT_PRODUCTS_DIR; };
		6E6BBE322B767C88006CE2CA /* SpenseSplitApp.swift */ = {isa = PBXFileReference; lastKnownFileType = sourcecode.swift; path = SpenseSplitApp.swift; sourceTree = "<group>"; };
		6E6BBE382B767C8A006CE2CA /* Assets.xcassets */ = {isa = PBXFileReference; lastKnownFileType = folder.assetcatalog; path = Assets.xcassets; sourceTree = "<group>"; };
		6E6BBE3B2B767C8A006CE2CA /* Preview Assets.xcassets */ = {isa = PBXFileReference; lastKnownFileType = folder.assetcatalog; path = "Preview Assets.xcassets"; sourceTree = "<group>"; };
		6E6BBE3D2B767C8A006CE2CA /* SpenseSplit.entitlements */ = {isa = PBXFileReference; lastKnownFileType = text.plist.entitlements; path = SpenseSplit.entitlements; sourceTree = "<group>"; };
		6E6BBE3E2B767C8A006CE2CA /* Info.plist */ = {isa = PBXFileReference; lastKnownFileType = text.plist.xml; path = Info.plist; sourceTree = "<group>"; };
		6E6BBE442B767EEE006CE2CA /* AppDelegate.swift */ = {isa = PBXFileReference; lastKnownFileType = sourcecode.swift; path = AppDelegate.swift; sourceTree = "<group>"; };
		6E6BBE462B767F31006CE2CA /* CoreDataStack.swift */ = {isa = PBXFileReference; lastKnownFileType = sourcecode.swift; path = CoreDataStack.swift; sourceTree = "<group>"; };
		6E6BBE482B7680A3006CE2CA /* ShareController.swift */ = {isa = PBXFileReference; lastKnownFileType = sourcecode.swift; path = ShareController.swift; sourceTree = "<group>"; };
		6E6BBE4B2B7682AB006CE2CA /* SpenseSplit.xcdatamodel */ = {isa = PBXFileReference; lastKnownFileType = wrapper.xcdatamodel; path = SpenseSplit.xcdatamodel; sourceTree = "<group>"; };
		6E6BBE4F2B768CD8006CE2CA /* Party+CoreDataClass.swift */ = {isa = PBXFileReference; lastKnownFileType = sourcecode.swift; path = "Party+CoreDataClass.swift"; sourceTree = "<group>"; };
		6E6BBE512B768CF2006CE2CA /* Party+CoreDataProperties.swift */ = {isa = PBXFileReference; lastKnownFileType = sourcecode.swift; path = "Party+CoreDataProperties.swift"; sourceTree = "<group>"; };
		6E6BBE532B768D16006CE2CA /* Participant+CoreDataClass.swift */ = {isa = PBXFileReference; lastKnownFileType = sourcecode.swift; path = "Participant+CoreDataClass.swift"; sourceTree = "<group>"; };
		6E6BBE552B768D2B006CE2CA /* Participant+CoreDataProperties.swift */ = {isa = PBXFileReference; lastKnownFileType = sourcecode.swift; path = "Participant+CoreDataProperties.swift"; sourceTree = "<group>"; };
		6E6BBE572B768D41006CE2CA /* Expense+CoreDataClass.swift */ = {isa = PBXFileReference; lastKnownFileType = sourcecode.swift; path = "Expense+CoreDataClass.swift"; sourceTree = "<group>"; };
		6E6BBE592B768D54006CE2CA /* Expense+CoreDataProperties.swift */ = {isa = PBXFileReference; lastKnownFileType = sourcecode.swift; path = "Expense+CoreDataProperties.swift"; sourceTree = "<group>"; };
		6E6BBE5B2B768D6B006CE2CA /* Payer+CoreDataClass.swift */ = {isa = PBXFileReference; lastKnownFileType = sourcecode.swift; path = "Payer+CoreDataClass.swift"; sourceTree = "<group>"; };
		6E6BBE5D2B768D7E006CE2CA /* Payer+CoreDataProperties.swift */ = {isa = PBXFileReference; lastKnownFileType = sourcecode.swift; path = "Payer+CoreDataProperties.swift"; sourceTree = "<group>"; };
		6E6BBE5F2B768D91006CE2CA /* Enjoyer+CoreDataClass.swift */ = {isa = PBXFileReference; lastKnownFileType = sourcecode.swift; path = "Enjoyer+CoreDataClass.swift"; sourceTree = "<group>"; };
		6E6BBE612B768DA2006CE2CA /* Enjoyer+CoreDataProperties.swift */ = {isa = PBXFileReference; lastKnownFileType = sourcecode.swift; path = "Enjoyer+CoreDataProperties.swift"; sourceTree = "<group>"; };
		6E6BBE642B769817006CE2CA /* PartiesView.swift */ = {isa = PBXFileReference; lastKnownFileType = sourcecode.swift; path = PartiesView.swift; sourceTree = "<group>"; };
		6E6BBE662B76A901006CE2CA /* PartyDetailView.swift */ = {isa = PBXFileReference; lastKnownFileType = sourcecode.swift; path = PartyDetailView.swift; sourceTree = "<group>"; };
		6E6BBE682B76A911006CE2CA /* PartyView.swift */ = {isa = PBXFileReference; lastKnownFileType = sourcecode.swift; path = PartyView.swift; sourceTree = "<group>"; };
		6E6BBE6A2B76A926006CE2CA /* PartyNewView.swift */ = {isa = PBXFileReference; lastKnownFileType = sourcecode.swift; path = PartyNewView.swift; sourceTree = "<group>"; };
		6E6BBE722B78CA3F006CE2CA /* Theme.swift */ = {isa = PBXFileReference; fileEncoding = 4; lastKnownFileType = sourcecode.swift; path = Theme.swift; sourceTree = "<group>"; };
		6E6BBE742B78CA44006CE2CA /* ThemePicker.swift */ = {isa = PBXFileReference; fileEncoding = 4; lastKnownFileType = sourcecode.swift; path = ThemePicker.swift; sourceTree = "<group>"; };
		6E6BBE762B78DCE5006CE2CA /* Payment+CoreDataClass.swift */ = {isa = PBXFileReference; lastKnownFileType = sourcecode.swift; path = "Payment+CoreDataClass.swift"; sourceTree = "<group>"; };
		6E6BBE782B78DCFB006CE2CA /* Payment+CoreDataProperties.swift */ = {isa = PBXFileReference; lastKnownFileType = sourcecode.swift; path = "Payment+CoreDataProperties.swift"; sourceTree = "<group>"; };
		6E6BBE7C2B78E061006CE2CA /* ExpenseDetailView.swift */ = {isa = PBXFileReference; lastKnownFileType = sourcecode.swift; path = ExpenseDetailView.swift; sourceTree = "<group>"; };
		6E6BBE7E2B78E070006CE2CA /* PaymentDetailView.swift */ = {isa = PBXFileReference; lastKnownFileType = sourcecode.swift; path = PaymentDetailView.swift; sourceTree = "<group>"; };
		6E6BBE802B793FD7006CE2CA /* ExpenseNewView.swift */ = {isa = PBXFileReference; lastKnownFileType = sourcecode.swift; path = ExpenseNewView.swift; sourceTree = "<group>"; };
		6E6BBE822B793FE4006CE2CA /* PaymentNewView.swift */ = {isa = PBXFileReference; lastKnownFileType = sourcecode.swift; path = PaymentNewView.swift; sourceTree = "<group>"; };
		6E7B02ED2BB014CB003761D9 /* SummaryView.swift */ = {isa = PBXFileReference; fileEncoding = 4; lastKnownFileType = sourcecode.swift; name = SummaryView.swift; path = "../../../../../Proyectos SwiftUI Cerrados/ExpenseSplit/ExpenseSplit/Views/Party/SummaryView.swift"; sourceTree = "<group>"; };
		6E7B02EF2BB014E9003761D9 /* MailView.swift */ = {isa = PBXFileReference; fileEncoding = 4; lastKnownFileType = sourcecode.swift; name = MailView.swift; path = "../../../../../Proyectos SwiftUI Cerrados/ExpenseSplit/ExpenseSplit/Utilities/MailView.swift"; sourceTree = "<group>"; };
		6E7B02F32BB6C934003761D9 /* ExpenseChanges+CoreDataClass.swift */ = {isa = PBXFileReference; lastKnownFileType = sourcecode.swift; path = "ExpenseChanges+CoreDataClass.swift"; sourceTree = "<group>"; };
		6E7B02F52BB6C955003761D9 /* ExpenseChanges+CoreDataProperties.swift */ = {isa = PBXFileReference; lastKnownFileType = sourcecode.swift; path = "ExpenseChanges+CoreDataProperties.swift"; sourceTree = "<group>"; };
		6E7B02F72BB7FD85003761D9 /* PaymentChanges+CoreDataClass.swift */ = {isa = PBXFileReference; lastKnownFileType = sourcecode.swift; path = "PaymentChanges+CoreDataClass.swift"; sourceTree = "<group>"; };
		6E7B02F92BB7FDA1003761D9 /* PaymentChanges+CoreDataProperties.swift */ = {isa = PBXFileReference; lastKnownFileType = sourcecode.swift; path = "PaymentChanges+CoreDataProperties.swift"; sourceTree = "<group>"; };
		6E7B02FB2BB87C42003761D9 /* HistoryView.swift */ = {isa = PBXFileReference; lastKnownFileType = sourcecode.swift; path = HistoryView.swift; sourceTree = "<group>"; };
		6E7B02FD2BB892A3003761D9 /* ExpenseLog+CoreDataClass.swift */ = {isa = PBXFileReference; lastKnownFileType = sourcecode.swift; path = "ExpenseLog+CoreDataClass.swift"; sourceTree = "<group>"; };
		6E7B02FF2BB892BC003761D9 /* ExpenseLog+CoreDataProperties.swift */ = {isa = PBXFileReference; lastKnownFileType = sourcecode.swift; path = "ExpenseLog+CoreDataProperties.swift"; sourceTree = "<group>"; };
		6E7B03012BB892D1003761D9 /* PaymentLog+CoreDataClass.swift */ = {isa = PBXFileReference; lastKnownFileType = sourcecode.swift; path = "PaymentLog+CoreDataClass.swift"; sourceTree = "<group>"; };
		6E7B03032BB892E3003761D9 /* PaymentLog+CoreDataProperties.swift */ = {isa = PBXFileReference; lastKnownFileType = sourcecode.swift; path = "PaymentLog+CoreDataProperties.swift"; sourceTree = "<group>"; };
		6E7B03052BB9A6C2003761D9 /* PayerLog+CoreDataClass.swift */ = {isa = PBXFileReference; lastKnownFileType = sourcecode.swift; path = "PayerLog+CoreDataClass.swift"; sourceTree = "<group>"; };
		6E7B03072BB9A6DA003761D9 /* PayerLog+CoreDataProperties.swift */ = {isa = PBXFileReference; lastKnownFileType = sourcecode.swift; path = "PayerLog+CoreDataProperties.swift"; sourceTree = "<group>"; };
		6E7B03092BB9A6F2003761D9 /* EnjoyerLog+CoreDataClass.swift */ = {isa = PBXFileReference; lastKnownFileType = sourcecode.swift; path = "EnjoyerLog+CoreDataClass.swift"; sourceTree = "<group>"; };
		6E7B030B2BB9A705003761D9 /* EnjoyerLog+CoreDataProperties.swift */ = {isa = PBXFileReference; lastKnownFileType = sourcecode.swift; path = "EnjoyerLog+CoreDataProperties.swift"; sourceTree = "<group>"; };
		6E7B030D2BB9D248003761D9 /* ExpenseDisplayView.swift */ = {isa = PBXFileReference; lastKnownFileType = sourcecode.swift; path = ExpenseDisplayView.swift; sourceTree = "<group>"; };
		6E7B030F2BBA99B3003761D9 /* PaymentDispalyView.swift */ = {isa = PBXFileReference; lastKnownFileType = sourcecode.swift; path = PaymentDispalyView.swift; sourceTree = "<group>"; };
		6E800E5E2B7A7CE00042B5B7 /* PayersNewView.swift */ = {isa = PBXFileReference; lastKnownFileType = sourcecode.swift; path = PayersNewView.swift; sourceTree = "<group>"; };
		6E800E602B7A7CF20042B5B7 /* EnjoyersNewView.swift */ = {isa = PBXFileReference; lastKnownFileType = sourcecode.swift; path = EnjoyersNewView.swift; sourceTree = "<group>"; };
		6E800E622B7AB99B0042B5B7 /* SendersNewView.swift */ = {isa = PBXFileReference; lastKnownFileType = sourcecode.swift; path = SendersNewView.swift; sourceTree = "<group>"; };
		6E800E642B7AB9AE0042B5B7 /* ReceiversNewView.swift */ = {isa = PBXFileReference; lastKnownFileType = sourcecode.swift; path = ReceiversNewView.swift; sourceTree = "<group>"; };
		6E800E662B7AC1C80042B5B7 /* PayersDetailView.swift */ = {isa = PBXFileReference; lastKnownFileType = sourcecode.swift; path = PayersDetailView.swift; sourceTree = "<group>"; };
		6E800E682B7AC1D60042B5B7 /* EnjoyersDetailView.swift */ = {isa = PBXFileReference; lastKnownFileType = sourcecode.swift; path = EnjoyersDetailView.swift; sourceTree = "<group>"; };
		6E800E6A2B7B1F600042B5B7 /* SendersDetailView.swift */ = {isa = PBXFileReference; lastKnownFileType = sourcecode.swift; path = SendersDetailView.swift; sourceTree = "<group>"; };
		6E800E6C2B7B1F700042B5B7 /* ReceiversDetailView.swift */ = {isa = PBXFileReference; lastKnownFileType = sourcecode.swift; path = ReceiversDetailView.swift; sourceTree = "<group>"; };
/* End PBXFileReference section */

/* Begin PBXFrameworksBuildPhase section */
		6E6BBE2C2B767C88006CE2CA /* Frameworks */ = {
			isa = PBXFrameworksBuildPhase;
			buildActionMask = 2147483647;
			files = (
			);
			runOnlyForDeploymentPostprocessing = 0;
		};
/* End PBXFrameworksBuildPhase section */

/* Begin PBXGroup section */
		6E6BBE262B767C88006CE2CA = {
			isa = PBXGroup;
			children = (
				6E6BBE312B767C88006CE2CA /* SpenseSplit */,
				6E6BBE302B767C88006CE2CA /* Products */,
			);
			sourceTree = "<group>";
		};
		6E6BBE302B767C88006CE2CA /* Products */ = {
			isa = PBXGroup;
			children = (
				6E6BBE2F2B767C88006CE2CA /* SpenseSplit.app */,
			);
			name = Products;
			sourceTree = "<group>";
		};
		6E6BBE312B767C88006CE2CA /* SpenseSplit */ = {
			isa = PBXGroup;
			children = (
				6E6BBE4D2B7682C1006CE2CA /* Basics */,
				6E6BBE632B7697EA006CE2CA /* Party */,
				6E6BBE7A2B78E003006CE2CA /* Expense */,
				6E6BBE7B2B78E00D006CE2CA /* Payment */,
				6E800E5C2B7A7C980042B5B7 /* Payer */,
				6E800E5D2B7A7CA00042B5B7 /* Enjoyer */,
				6E6BBE4E2B768308006CE2CA /* CoreData */,
				6E6BBE6C2B78C973006CE2CA /* Tools */,
				6E6BBE382B767C8A006CE2CA /* Assets.xcassets */,
				6E6BBE3D2B767C8A006CE2CA /* SpenseSplit.entitlements */,
				6E6BBE3E2B767C8A006CE2CA /* Info.plist */,
				6E6BBE3A2B767C8A006CE2CA /* Preview Content */,
			);
			path = SpenseSplit;
			sourceTree = "<group>";
		};
		6E6BBE3A2B767C8A006CE2CA /* Preview Content */ = {
			isa = PBXGroup;
			children = (
				6E6BBE3B2B767C8A006CE2CA /* Preview Assets.xcassets */,
			);
			path = "Preview Content";
			sourceTree = "<group>";
		};
		6E6BBE4D2B7682C1006CE2CA /* Basics */ = {
			isa = PBXGroup;
			children = (
				6E6BBE322B767C88006CE2CA /* SpenseSplitApp.swift */,
				6E6BBE442B767EEE006CE2CA /* AppDelegate.swift */,
				6E6BBE462B767F31006CE2CA /* CoreDataStack.swift */,
				6E6BBE482B7680A3006CE2CA /* ShareController.swift */,
			);
			path = Basics;
			sourceTree = "<group>";
		};
		6E6BBE4E2B768308006CE2CA /* CoreData */ = {
			isa = PBXGroup;
			children = (
				6E6BBE4F2B768CD8006CE2CA /* Party+CoreDataClass.swift */,
				6E6BBE512B768CF2006CE2CA /* Party+CoreDataProperties.swift */,
				6E6BBE532B768D16006CE2CA /* Participant+CoreDataClass.swift */,
				6E6BBE552B768D2B006CE2CA /* Participant+CoreDataProperties.swift */,
				6E6BBE572B768D41006CE2CA /* Expense+CoreDataClass.swift */,
				6E6BBE592B768D54006CE2CA /* Expense+CoreDataProperties.swift */,
				6E6BBE762B78DCE5006CE2CA /* Payment+CoreDataClass.swift */,
				6E6BBE782B78DCFB006CE2CA /* Payment+CoreDataProperties.swift */,
				6E6BBE5B2B768D6B006CE2CA /* Payer+CoreDataClass.swift */,
				6E6BBE5D2B768D7E006CE2CA /* Payer+CoreDataProperties.swift */,
				6E6BBE5F2B768D91006CE2CA /* Enjoyer+CoreDataClass.swift */,
				6E6BBE612B768DA2006CE2CA /* Enjoyer+CoreDataProperties.swift */,
				6E7B02F32BB6C934003761D9 /* ExpenseChanges+CoreDataClass.swift */,
				6E7B02F52BB6C955003761D9 /* ExpenseChanges+CoreDataProperties.swift */,
				6E7B02F72BB7FD85003761D9 /* PaymentChanges+CoreDataClass.swift */,
				6E7B02F92BB7FDA1003761D9 /* PaymentChanges+CoreDataProperties.swift */,
				6E7B02FD2BB892A3003761D9 /* ExpenseLog+CoreDataClass.swift */,
				6E7B02FF2BB892BC003761D9 /* ExpenseLog+CoreDataProperties.swift */,
				6E7B03012BB892D1003761D9 /* PaymentLog+CoreDataClass.swift */,
				6E7B03032BB892E3003761D9 /* PaymentLog+CoreDataProperties.swift */,
				6E7B03052BB9A6C2003761D9 /* PayerLog+CoreDataClass.swift */,
				6E7B03072BB9A6DA003761D9 /* PayerLog+CoreDataProperties.swift */,
				6E7B03092BB9A6F2003761D9 /* EnjoyerLog+CoreDataClass.swift */,
				6E7B030B2BB9A705003761D9 /* EnjoyerLog+CoreDataProperties.swift */,
				6E6BBE4A2B7682AB006CE2CA /* SpenseSplit.xcdatamodeld */,
			);
			path = CoreData;
			sourceTree = "<group>";
		};
		6E6BBE632B7697EA006CE2CA /* Party */ = {
			isa = PBXGroup;
			children = (
				6E6BBE642B769817006CE2CA /* PartiesView.swift */,
				6E6BBE682B76A911006CE2CA /* PartyView.swift */,
				6E6BBE6A2B76A926006CE2CA /* PartyNewView.swift */,
				6E6BBE662B76A901006CE2CA /* PartyDetailView.swift */,
				6E7B02ED2BB014CB003761D9 /* SummaryView.swift */,
				6E7B02FB2BB87C42003761D9 /* HistoryView.swift */,
			);
			path = Party;
			sourceTree = "<group>";
		};
		6E6BBE6C2B78C973006CE2CA /* Tools */ = {
			isa = PBXGroup;
			children = (
				6E7B02EF2BB014E9003761D9 /* MailView.swift */,
				6E6BBE6D2B78C994006CE2CA /* Theme */,
			);
			path = Tools;
			sourceTree = "<group>";
		};
		6E6BBE6D2B78C994006CE2CA /* Theme */ = {
			isa = PBXGroup;
			children = (
				6E6BBE722B78CA3F006CE2CA /* Theme.swift */,
				6E6BBE742B78CA44006CE2CA /* ThemePicker.swift */,
			);
			path = Theme;
			sourceTree = "<group>";
		};
		6E6BBE7A2B78E003006CE2CA /* Expense */ = {
			isa = PBXGroup;
			children = (
				6E6BBE7C2B78E061006CE2CA /* ExpenseDetailView.swift */,
				6E6BBE802B793FD7006CE2CA /* ExpenseNewView.swift */,
				6E7B030D2BB9D248003761D9 /* ExpenseDisplayView.swift */,
			);
			path = Expense;
			sourceTree = "<group>";
		};
		6E6BBE7B2B78E00D006CE2CA /* Payment */ = {
			isa = PBXGroup;
			children = (
				6E6BBE7E2B78E070006CE2CA /* PaymentDetailView.swift */,
				6E6BBE822B793FE4006CE2CA /* PaymentNewView.swift */,
				6E7B030F2BBA99B3003761D9 /* PaymentDispalyView.swift */,
			);
			path = Payment;
			sourceTree = "<group>";
		};
		6E800E5C2B7A7C980042B5B7 /* Payer */ = {
			isa = PBXGroup;
			children = (
				6E800E5E2B7A7CE00042B5B7 /* PayersNewView.swift */,
				6E800E662B7AC1C80042B5B7 /* PayersDetailView.swift */,
				6E800E622B7AB99B0042B5B7 /* SendersNewView.swift */,
				6E800E6A2B7B1F600042B5B7 /* SendersDetailView.swift */,
			);
			path = Payer;
			sourceTree = "<group>";
		};
		6E800E5D2B7A7CA00042B5B7 /* Enjoyer */ = {
			isa = PBXGroup;
			children = (
				6E800E602B7A7CF20042B5B7 /* EnjoyersNewView.swift */,
				6E800E682B7AC1D60042B5B7 /* EnjoyersDetailView.swift */,
				6E800E642B7AB9AE0042B5B7 /* ReceiversNewView.swift */,
				6E800E6C2B7B1F700042B5B7 /* ReceiversDetailView.swift */,
			);
			path = Enjoyer;
			sourceTree = "<group>";
		};
/* End PBXGroup section */

/* Begin PBXNativeTarget section */
		6E6BBE2E2B767C88006CE2CA /* SpenseSplit */ = {
			isa = PBXNativeTarget;
			buildConfigurationList = 6E6BBE412B767C8A006CE2CA /* Build configuration list for PBXNativeTarget "SpenseSplit" */;
			buildPhases = (
				6E6BBE2B2B767C88006CE2CA /* Sources */,
				6E6BBE2C2B767C88006CE2CA /* Frameworks */,
				6E6BBE2D2B767C88006CE2CA /* Resources */,
			);
			buildRules = (
			);
			dependencies = (
			);
			name = SpenseSplit;
			productName = SpenseSplit;
			productReference = 6E6BBE2F2B767C88006CE2CA /* SpenseSplit.app */;
			productType = "com.apple.product-type.application";
		};
/* End PBXNativeTarget section */

/* Begin PBXProject section */
		6E6BBE272B767C88006CE2CA /* Project object */ = {
			isa = PBXProject;
			attributes = {
				BuildIndependentTargetsInParallel = 1;
				LastSwiftUpdateCheck = 1520;
				LastUpgradeCheck = 1520;
				TargetAttributes = {
					6E6BBE2E2B767C88006CE2CA = {
						CreatedOnToolsVersion = 15.2;
					};
				};
			};
			buildConfigurationList = 6E6BBE2A2B767C88006CE2CA /* Build configuration list for PBXProject "SpenseSplit" */;
			compatibilityVersion = "Xcode 14.0";
			developmentRegion = en;
			hasScannedForEncodings = 0;
			knownRegions = (
				en,
				Base,
			);
			mainGroup = 6E6BBE262B767C88006CE2CA;
			productRefGroup = 6E6BBE302B767C88006CE2CA /* Products */;
			projectDirPath = "";
			projectRoot = "";
			targets = (
				6E6BBE2E2B767C88006CE2CA /* SpenseSplit */,
			);
		};
/* End PBXProject section */

/* Begin PBXResourcesBuildPhase section */
		6E6BBE2D2B767C88006CE2CA /* Resources */ = {
			isa = PBXResourcesBuildPhase;
			buildActionMask = 2147483647;
			files = (
				6E6BBE3C2B767C8A006CE2CA /* Preview Assets.xcassets in Resources */,
				6E6BBE392B767C8A006CE2CA /* Assets.xcassets in Resources */,
			);
			runOnlyForDeploymentPostprocessing = 0;
		};
/* End PBXResourcesBuildPhase section */

/* Begin PBXSourcesBuildPhase section */
		6E6BBE2B2B767C88006CE2CA /* Sources */ = {
			isa = PBXSourcesBuildPhase;
			buildActionMask = 2147483647;
			files = (
				6E800E632B7AB99B0042B5B7 /* SendersNewView.swift in Sources */,
				6E7B02FE2BB892A3003761D9 /* ExpenseLog+CoreDataClass.swift in Sources */,
				6E6BBE7D2B78E061006CE2CA /* ExpenseDetailView.swift in Sources */,
				6E7B03062BB9A6C2003761D9 /* PayerLog+CoreDataClass.swift in Sources */,
				6E7B02F02BB014E9003761D9 /* MailView.swift in Sources */,
				6E6BBE692B76A911006CE2CA /* PartyView.swift in Sources */,
				6E6BBE4C2B7682AB006CE2CA /* SpenseSplit.xcdatamodeld in Sources */,
				6E6BBE472B767F31006CE2CA /* CoreDataStack.swift in Sources */,
				6E6BBE582B768D41006CE2CA /* Expense+CoreDataClass.swift in Sources */,
				6E7B02FC2BB87C42003761D9 /* HistoryView.swift in Sources */,
				6E6BBE652B769817006CE2CA /* PartiesView.swift in Sources */,
				6E6BBE452B767EEE006CE2CA /* AppDelegate.swift in Sources */,
				6E6BBE732B78CA3F006CE2CA /* Theme.swift in Sources */,
				6E6BBE6B2B76A926006CE2CA /* PartyNewView.swift in Sources */,
				6E6BBE622B768DA2006CE2CA /* Enjoyer+CoreDataProperties.swift in Sources */,
				6E6BBE522B768CF2006CE2CA /* Party+CoreDataProperties.swift in Sources */,
				6E7B02FA2BB7FDA1003761D9 /* PaymentChanges+CoreDataProperties.swift in Sources */,
				6E800E6B2B7B1F600042B5B7 /* SendersDetailView.swift in Sources */,
				6E6BBE752B78CA44006CE2CA /* ThemePicker.swift in Sources */,
				6E6BBE562B768D2B006CE2CA /* Participant+CoreDataProperties.swift in Sources */,
				6E7B03002BB892BC003761D9 /* ExpenseLog+CoreDataProperties.swift in Sources */,
				6E800E692B7AC1D60042B5B7 /* EnjoyersDetailView.swift in Sources */,
				6E7B03042BB892E3003761D9 /* PaymentLog+CoreDataProperties.swift in Sources */,
				6E6BBE602B768D91006CE2CA /* Enjoyer+CoreDataClass.swift in Sources */,
				6E7B02EE2BB014CB003761D9 /* SummaryView.swift in Sources */,
				6E7B030C2BB9A705003761D9 /* EnjoyerLog+CoreDataProperties.swift in Sources */,
				6E7B030E2BB9D248003761D9 /* ExpenseDisplayView.swift in Sources */,
				6E800E652B7AB9AE0042B5B7 /* ReceiversNewView.swift in Sources */,
				6E6BBE542B768D16006CE2CA /* Participant+CoreDataClass.swift in Sources */,
				6E6BBE772B78DCE5006CE2CA /* Payment+CoreDataClass.swift in Sources */,
				6E6BBE832B793FE4006CE2CA /* PaymentNewView.swift in Sources */,
				6E7B02F62BB6C955003761D9 /* ExpenseChanges+CoreDataProperties.swift in Sources */,
				6E7B03082BB9A6DA003761D9 /* PayerLog+CoreDataProperties.swift in Sources */,
				6E800E672B7AC1C80042B5B7 /* PayersDetailView.swift in Sources */,
				6E6BBE5A2B768D54006CE2CA /* Expense+CoreDataProperties.swift in Sources */,
				6E6BBE672B76A901006CE2CA /* PartyDetailView.swift in Sources */,
				6E6BBE492B7680A3006CE2CA /* ShareController.swift in Sources */,
				6E6BBE5C2B768D6B006CE2CA /* Payer+CoreDataClass.swift in Sources */,
				6E6BBE812B793FD7006CE2CA /* ExpenseNewView.swift in Sources */,
				6E6BBE792B78DCFB006CE2CA /* Payment+CoreDataProperties.swift in Sources */,
				6E800E6D2B7B1F700042B5B7 /* ReceiversDetailView.swift in Sources */,
				6E7B02F82BB7FD85003761D9 /* PaymentChanges+CoreDataClass.swift in Sources */,
				6E7B03022BB892D1003761D9 /* PaymentLog+CoreDataClass.swift in Sources */,
				6E800E612B7A7CF20042B5B7 /* EnjoyersNewView.swift in Sources */,
				6E7B02F42BB6C934003761D9 /* ExpenseChanges+CoreDataClass.swift in Sources */,
				6E6BBE5E2B768D7E006CE2CA /* Payer+CoreDataProperties.swift in Sources */,
				6E6BBE7F2B78E070006CE2CA /* PaymentDetailView.swift in Sources */,
				6E7B030A2BB9A6F2003761D9 /* EnjoyerLog+CoreDataClass.swift in Sources */,
				6E6BBE332B767C88006CE2CA /* SpenseSplitApp.swift in Sources */,
				6E6BBE502B768CD8006CE2CA /* Party+CoreDataClass.swift in Sources */,
				6E7B03102BBA99B3003761D9 /* PaymentDispalyView.swift in Sources */,
				6E800E5F2B7A7CE00042B5B7 /* PayersNewView.swift in Sources */,
			);
			runOnlyForDeploymentPostprocessing = 0;
		};
/* End PBXSourcesBuildPhase section */

/* Begin XCBuildConfiguration section */
		6E6BBE3F2B767C8A006CE2CA /* Debug */ = {
			isa = XCBuildConfiguration;
			buildSettings = {
				ALWAYS_SEARCH_USER_PATHS = NO;
				ASSETCATALOG_COMPILER_GENERATE_SWIFT_ASSET_SYMBOL_EXTENSIONS = YES;
				CLANG_ANALYZER_NONNULL = YES;
				CLANG_ANALYZER_NUMBER_OBJECT_CONVERSION = YES_AGGRESSIVE;
				CLANG_CXX_LANGUAGE_STANDARD = "gnu++20";
				CLANG_ENABLE_MODULES = YES;
				CLANG_ENABLE_OBJC_ARC = YES;
				CLANG_ENABLE_OBJC_WEAK = YES;
				CLANG_WARN_BLOCK_CAPTURE_AUTORELEASING = YES;
				CLANG_WARN_BOOL_CONVERSION = YES;
				CLANG_WARN_COMMA = YES;
				CLANG_WARN_CONSTANT_CONVERSION = YES;
				CLANG_WARN_DEPRECATED_OBJC_IMPLEMENTATIONS = YES;
				CLANG_WARN_DIRECT_OBJC_ISA_USAGE = YES_ERROR;
				CLANG_WARN_DOCUMENTATION_COMMENTS = YES;
				CLANG_WARN_EMPTY_BODY = YES;
				CLANG_WARN_ENUM_CONVERSION = YES;
				CLANG_WARN_INFINITE_RECURSION = YES;
				CLANG_WARN_INT_CONVERSION = YES;
				CLANG_WARN_NON_LITERAL_NULL_CONVERSION = YES;
				CLANG_WARN_OBJC_IMPLICIT_RETAIN_SELF = YES;
				CLANG_WARN_OBJC_LITERAL_CONVERSION = YES;
				CLANG_WARN_OBJC_ROOT_CLASS = YES_ERROR;
				CLANG_WARN_QUOTED_INCLUDE_IN_FRAMEWORK_HEADER = YES;
				CLANG_WARN_RANGE_LOOP_ANALYSIS = YES;
				CLANG_WARN_STRICT_PROTOTYPES = YES;
				CLANG_WARN_SUSPICIOUS_MOVE = YES;
				CLANG_WARN_UNGUARDED_AVAILABILITY = YES_AGGRESSIVE;
				CLANG_WARN_UNREACHABLE_CODE = YES;
				CLANG_WARN__DUPLICATE_METHOD_MATCH = YES;
				COPY_PHASE_STRIP = NO;
				DEBUG_INFORMATION_FORMAT = dwarf;
				ENABLE_STRICT_OBJC_MSGSEND = YES;
				ENABLE_TESTABILITY = YES;
				ENABLE_USER_SCRIPT_SANDBOXING = YES;
				GCC_C_LANGUAGE_STANDARD = gnu17;
				GCC_DYNAMIC_NO_PIC = NO;
				GCC_NO_COMMON_BLOCKS = YES;
				GCC_OPTIMIZATION_LEVEL = 0;
				GCC_PREPROCESSOR_DEFINITIONS = (
					"DEBUG=1",
					"$(inherited)",
				);
				GCC_WARN_64_TO_32_BIT_CONVERSION = YES;
				GCC_WARN_ABOUT_RETURN_TYPE = YES_ERROR;
				GCC_WARN_UNDECLARED_SELECTOR = YES;
				GCC_WARN_UNINITIALIZED_AUTOS = YES_AGGRESSIVE;
				GCC_WARN_UNUSED_FUNCTION = YES;
				GCC_WARN_UNUSED_VARIABLE = YES;
				IPHONEOS_DEPLOYMENT_TARGET = 17.2;
				LOCALIZATION_PREFERS_STRING_CATALOGS = YES;
				MTL_ENABLE_DEBUG_INFO = INCLUDE_SOURCE;
				MTL_FAST_MATH = YES;
				ONLY_ACTIVE_ARCH = YES;
				SDKROOT = iphoneos;
				SWIFT_ACTIVE_COMPILATION_CONDITIONS = "DEBUG $(inherited)";
				SWIFT_OPTIMIZATION_LEVEL = "-Onone";
			};
			name = Debug;
		};
		6E6BBE402B767C8A006CE2CA /* Release */ = {
			isa = XCBuildConfiguration;
			buildSettings = {
				ALWAYS_SEARCH_USER_PATHS = NO;
				ASSETCATALOG_COMPILER_GENERATE_SWIFT_ASSET_SYMBOL_EXTENSIONS = YES;
				CLANG_ANALYZER_NONNULL = YES;
				CLANG_ANALYZER_NUMBER_OBJECT_CONVERSION = YES_AGGRESSIVE;
				CLANG_CXX_LANGUAGE_STANDARD = "gnu++20";
				CLANG_ENABLE_MODULES = YES;
				CLANG_ENABLE_OBJC_ARC = YES;
				CLANG_ENABLE_OBJC_WEAK = YES;
				CLANG_WARN_BLOCK_CAPTURE_AUTORELEASING = YES;
				CLANG_WARN_BOOL_CONVERSION = YES;
				CLANG_WARN_COMMA = YES;
				CLANG_WARN_CONSTANT_CONVERSION = YES;
				CLANG_WARN_DEPRECATED_OBJC_IMPLEMENTATIONS = YES;
				CLANG_WARN_DIRECT_OBJC_ISA_USAGE = YES_ERROR;
				CLANG_WARN_DOCUMENTATION_COMMENTS = YES;
				CLANG_WARN_EMPTY_BODY = YES;
				CLANG_WARN_ENUM_CONVERSION = YES;
				CLANG_WARN_INFINITE_RECURSION = YES;
				CLANG_WARN_INT_CONVERSION = YES;
				CLANG_WARN_NON_LITERAL_NULL_CONVERSION = YES;
				CLANG_WARN_OBJC_IMPLICIT_RETAIN_SELF = YES;
				CLANG_WARN_OBJC_LITERAL_CONVERSION = YES;
				CLANG_WARN_OBJC_ROOT_CLASS = YES_ERROR;
				CLANG_WARN_QUOTED_INCLUDE_IN_FRAMEWORK_HEADER = YES;
				CLANG_WARN_RANGE_LOOP_ANALYSIS = YES;
				CLANG_WARN_STRICT_PROTOTYPES = YES;
				CLANG_WARN_SUSPICIOUS_MOVE = YES;
				CLANG_WARN_UNGUARDED_AVAILABILITY = YES_AGGRESSIVE;
				CLANG_WARN_UNREACHABLE_CODE = YES;
				CLANG_WARN__DUPLICATE_METHOD_MATCH = YES;
				COPY_PHASE_STRIP = NO;
				DEBUG_INFORMATION_FORMAT = "dwarf-with-dsym";
				ENABLE_NS_ASSERTIONS = NO;
				ENABLE_STRICT_OBJC_MSGSEND = YES;
				ENABLE_USER_SCRIPT_SANDBOXING = YES;
				GCC_C_LANGUAGE_STANDARD = gnu17;
				GCC_NO_COMMON_BLOCKS = YES;
				GCC_WARN_64_TO_32_BIT_CONVERSION = YES;
				GCC_WARN_ABOUT_RETURN_TYPE = YES_ERROR;
				GCC_WARN_UNDECLARED_SELECTOR = YES;
				GCC_WARN_UNINITIALIZED_AUTOS = YES_AGGRESSIVE;
				GCC_WARN_UNUSED_FUNCTION = YES;
				GCC_WARN_UNUSED_VARIABLE = YES;
				IPHONEOS_DEPLOYMENT_TARGET = 17.2;
				LOCALIZATION_PREFERS_STRING_CATALOGS = YES;
				MTL_ENABLE_DEBUG_INFO = NO;
				MTL_FAST_MATH = YES;
				SDKROOT = iphoneos;
				SWIFT_COMPILATION_MODE = wholemodule;
				VALIDATE_PRODUCT = YES;
			};
			name = Release;
		};
		6E6BBE422B767C8A006CE2CA /* Debug */ = {
			isa = XCBuildConfiguration;
			buildSettings = {
				ASSETCATALOG_COMPILER_APPICON_NAME = AppIcon;
				ASSETCATALOG_COMPILER_GLOBAL_ACCENT_COLOR_NAME = AccentColor;
				CODE_SIGN_ENTITLEMENTS = SpenseSplit/SpenseSplit.entitlements;
				CODE_SIGN_STYLE = Automatic;
				CURRENT_PROJECT_VERSION = 1;
				DEVELOPMENT_ASSET_PATHS = "\"SpenseSplit/Preview Content\"";
				DEVELOPMENT_TEAM = 97YH7XTK2J;
				ENABLE_PREVIEWS = YES;
				GENERATE_INFOPLIST_FILE = YES;
				INFOPLIST_FILE = SpenseSplit/Info.plist;
				INFOPLIST_KEY_UIApplicationSceneManifest_Generation = YES;
				INFOPLIST_KEY_UIApplicationSupportsIndirectInputEvents = YES;
				INFOPLIST_KEY_UILaunchScreen_Generation = YES;
				INFOPLIST_KEY_UISupportedInterfaceOrientations_iPad = "UIInterfaceOrientationPortrait UIInterfaceOrientationPortraitUpsideDown UIInterfaceOrientationLandscapeLeft UIInterfaceOrientationLandscapeRight";
				INFOPLIST_KEY_UISupportedInterfaceOrientations_iPhone = "UIInterfaceOrientationPortrait UIInterfaceOrientationLandscapeLeft UIInterfaceOrientationLandscapeRight";
				LD_RUNPATH_SEARCH_PATHS = (
					"$(inherited)",
					"@executable_path/Frameworks",
				);
				MARKETING_VERSION = 1.0;
				PRODUCT_BUNDLE_IDENTIFIER = com.pablo.penalva.SpenseSplit;
				PRODUCT_NAME = "$(TARGET_NAME)";
				SWIFT_EMIT_LOC_STRINGS = YES;
				SWIFT_VERSION = 5.0;
				TARGETED_DEVICE_FAMILY = "1,2";
			};
			name = Debug;
		};
		6E6BBE432B767C8A006CE2CA /* Release */ = {
			isa = XCBuildConfiguration;
			buildSettings = {
				ASSETCATALOG_COMPILER_APPICON_NAME = AppIcon;
				ASSETCATALOG_COMPILER_GLOBAL_ACCENT_COLOR_NAME = AccentColor;
				CODE_SIGN_ENTITLEMENTS = SpenseSplit/SpenseSplit.entitlements;
				CODE_SIGN_STYLE = Automatic;
				CURRENT_PROJECT_VERSION = 1;
				DEVELOPMENT_ASSET_PATHS = "\"SpenseSplit/Preview Content\"";
				DEVELOPMENT_TEAM = 97YH7XTK2J;
				ENABLE_PREVIEWS = YES;
				GENERATE_INFOPLIST_FILE = YES;
				INFOPLIST_FILE = SpenseSplit/Info.plist;
				INFOPLIST_KEY_UIApplicationSceneManifest_Generation = YES;
				INFOPLIST_KEY_UIApplicationSupportsIndirectInputEvents = YES;
				INFOPLIST_KEY_UILaunchScreen_Generation = YES;
				INFOPLIST_KEY_UISupportedInterfaceOrientations_iPad = "UIInterfaceOrientationPortrait UIInterfaceOrientationPortraitUpsideDown UIInterfaceOrientationLandscapeLeft UIInterfaceOrientationLandscapeRight";
				INFOPLIST_KEY_UISupportedInterfaceOrientations_iPhone = "UIInterfaceOrientationPortrait UIInterfaceOrientationLandscapeLeft UIInterfaceOrientationLandscapeRight";
				LD_RUNPATH_SEARCH_PATHS = (
					"$(inherited)",
					"@executable_path/Frameworks",
				);
				MARKETING_VERSION = 1.0;
				PRODUCT_BUNDLE_IDENTIFIER = com.pablo.penalva.SpenseSplit;
				PRODUCT_NAME = "$(TARGET_NAME)";
				SWIFT_EMIT_LOC_STRINGS = YES;
				SWIFT_VERSION = 5.0;
				TARGETED_DEVICE_FAMILY = "1,2";
			};
			name = Release;
		};
/* End XCBuildConfiguration section */

/* Begin XCConfigurationList section */
		6E6BBE2A2B767C88006CE2CA /* Build configuration list for PBXProject "SpenseSplit" */ = {
			isa = XCConfigurationList;
			buildConfigurations = (
				6E6BBE3F2B767C8A006CE2CA /* Debug */,
				6E6BBE402B767C8A006CE2CA /* Release */,
			);
			defaultConfigurationIsVisible = 0;
			defaultConfigurationName = Release;
		};
		6E6BBE412B767C8A006CE2CA /* Build configuration list for PBXNativeTarget "SpenseSplit" */ = {
			isa = XCConfigurationList;
			buildConfigurations = (
				6E6BBE422B767C8A006CE2CA /* Debug */,
				6E6BBE432B767C8A006CE2CA /* Release */,
			);
			defaultConfigurationIsVisible = 0;
			defaultConfigurationName = Release;
		};
/* End XCConfigurationList section */

/* Begin XCVersionGroup section */
		6E6BBE4A2B7682AB006CE2CA /* SpenseSplit.xcdatamodeld */ = {
			isa = XCVersionGroup;
			children = (
				6E6BBE4B2B7682AB006CE2CA /* SpenseSplit.xcdatamodel */,
			);
			currentVersion = 6E6BBE4B2B7682AB006CE2CA /* SpenseSplit.xcdatamodel */;
			path = SpenseSplit.xcdatamodeld;
			sourceTree = "<group>";
			versionGroupType = wrapper.xcdatamodel;
		};
/* End XCVersionGroup section */
	};
	rootObject = 6E6BBE272B767C88006CE2CA /* Project object */;
}
